// !$*UTF8*$!
{
	archiveVersion = 1;
	classes = {
	};
	objectVersion = 46;
	objects = {

/* Begin PBXBuildFile section */
		C6E3885B1C590B1F001A1E5A /* AppDelegate.swift in Sources */ = {isa = PBXBuildFile; fileRef = C6E3885A1C590B1F001A1E5A /* AppDelegate.swift */; };
		C6E3885D1C590B1F001A1E5A /* ViewController.swift in Sources */ = {isa = PBXBuildFile; fileRef = C6E3885C1C590B1F001A1E5A /* ViewController.swift */; };
		C6E388601C590B1F001A1E5A /* Main.storyboard in Resources */ = {isa = PBXBuildFile; fileRef = C6E3885E1C590B1F001A1E5A /* Main.storyboard */; };
		C6E388621C590B1F001A1E5A /* Assets.xcassets in Resources */ = {isa = PBXBuildFile; fileRef = C6E388611C590B1F001A1E5A /* Assets.xcassets */; };
		C6E388651C590B1F001A1E5A /* LaunchScreen.storyboard in Resources */ = {isa = PBXBuildFile; fileRef = C6E388631C590B1F001A1E5A /* LaunchScreen.storyboard */; };
/* End PBXBuildFile section */

/* Begin PBXFileReference section */
		C6E388571C590B1F001A1E5A /* Balloon.app */ = {isa = PBXFileReference; explicitFileType = wrapper.application; includeInIndex = 0; path = Balloon.app; sourceTree = BUILT_PRODUCTS_DIR; };
		C6E3885A1C590B1F001A1E5A /* AppDelegate.swift */ = {isa = PBXFileReference; lastKnownFileType = sourcecode.swift; path = AppDelegate.swift; sourceTree = "<group>"; };
		C6E3885C1C590B1F001A1E5A /* ViewController.swift */ = {isa = PBXFileReference; lastKnownFileType = sourcecode.swift; path = ViewController.swift; sourceTree = "<group>"; };
		C6E3885F1C590B1F001A1E5A /* Base */ = {isa = PBXFileReference; lastKnownFileType = file.storyboard; name = Base; path = Base.lproj/Main.storyboard; sourceTree = "<group>"; };
		C6E388611C590B1F001A1E5A /* Assets.xcassets */ = {isa = PBXFileReference; lastKnownFileType = folder.assetcatalog; path = Assets.xcassets; sourceTree = "<group>"; };
		C6E388641C590B1F001A1E5A /* Base */ = {isa = PBXFileReference; lastKnownFileType = file.storyboard; name = Base; path = Base.lproj/LaunchScreen.storyboard; sourceTree = "<group>"; };
		C6E388661C590B1F001A1E5A /* Info.plist */ = {isa = PBXFileReference; lastKnownFileType = text.plist.xml; path = Info.plist; sourceTree = "<group>"; };
/* End PBXFileReference section */

/* Begin PBXFrameworksBuildPhase section */
		C6E388541C590B1F001A1E5A /* Frameworks */ = {
			isa = PBXFrameworksBuildPhase;
			buildActionMask = 2147483647;
			files = (
			);
			runOnlyForDeploymentPostprocessing = 0;
		};
/* End PBXFrameworksBuildPhase section */

/* Begin PBXGroup section */
		C6E3884E1C590B1F001A1E5A = {
			isa = PBXGroup;
			children = (
				C6E388591C590B1F001A1E5A /* Balloon */,
				C6E388581C590B1F001A1E5A /* Products */,
			);
			sourceTree = "<group>";
		};
		C6E388581C590B1F001A1E5A /* Products */ = {
			isa = PBXGroup;
			children = (
				C6E388571C590B1F001A1E5A /* Balloon.app */,
			);
			name = Products;
			sourceTree = "<group>";
		};
		C6E388591C590B1F001A1E5A /* Balloon */ = {
			isa = PBXGroup;
			children = (
				C6E3885A1C590B1F001A1E5A /* AppDelegate.swift */,
				C6E3885C1C590B1F001A1E5A /* ViewController.swift */,
				C6E3885E1C590B1F001A1E5A /* Main.storyboard */,
				C6E388611C590B1F001A1E5A /* Assets.xcassets */,
				C6E388631C590B1F001A1E5A /* LaunchScreen.storyboard */,
				C6E388661C590B1F001A1E5A /* Info.plist */,
			);
			path = Balloon;
			sourceTree = "<group>";
		};
/* End PBXGroup section */

/* Begin PBXNativeTarget section */
		C6E388561C590B1F001A1E5A /* Balloon */ = {
			isa = PBXNativeTarget;
			buildConfigurationList = C6E388691C590B1F001A1E5A /* Build configuration list for PBXNativeTarget "Balloon" */;
			buildPhases = (
				C6E388531C590B1F001A1E5A /* Sources */,
				C6E388541C590B1F001A1E5A /* Frameworks */,
				C6E388551C590B1F001A1E5A /* Resources */,
			);
			buildRules = (
			);
			dependencies = (
			);
			name = Balloon;
			productName = Balloon;
			productReference = C6E388571C590B1F001A1E5A /* Balloon.app */;
			productType = "com.apple.product-type.application";
		};
/* End PBXNativeTarget section */

/* Begin PBXProject section */
		C6E3884F1C590B1F001A1E5A /* Project object */ = {
			isa = PBXProject;
			attributes = {
				LastSwiftUpdateCheck = 0720;
				LastUpgradeCheck = 0720;
				ORGANIZATIONNAME = moozz;
				TargetAttributes = {
					C6E388561C590B1F001A1E5A = {
						CreatedOnToolsVersion = 7.2;
					};
				};
			};
			buildConfigurationList = C6E388521C590B1F001A1E5A /* Build configuration list for PBXProject "Balloon" */;
			compatibilityVersion = "Xcode 3.2";
			developmentRegion = English;
			hasScannedForEncodings = 0;
			knownRegions = (
				en,
				Base,
			);
			mainGroup = C6E3884E1C590B1F001A1E5A;
			productRefGroup = C6E388581C590B1F001A1E5A /* Products */;
			projectDirPath = "";
			projectRoot = "";
			targets = (
				C6E388561C590B1F001A1E5A /* Balloon */,
			);
		};
/* End PBXProject section */

/* Begin PBXResourcesBuildPhase section */
		C6E388551C590B1F001A1E5A /* Resources */ = {
			isa = PBXResourcesBuildPhase;
			buildActionMask = 2147483647;
			files = (
				C6E388651C590B1F001A1E5A /* LaunchScreen.storyboard in Resources */,
				C6E388621C590B1F001A1E5A /* Assets.xcassets in Resources */,
				C6E388601C590B1F001A1E5A /* Main.storyboard in Resources */,
			);
			runOnlyForDeploymentPostprocessing = 0;
		};
/* End PBXResourcesBuildPhase section */

/* Begin PBXSourcesBuildPhase section */
		C6E388531C590B1F001A1E5A /* Sources */ = {
			isa = PBXSourcesBuildPhase;
			buildActionMask = 2147483647;
			files = (
				C6E3885D1C590B1F001A1E5A /* ViewController.swift in Sources */,
				C6E3885B1C590B1F001A1E5A /* AppDelegate.swift in Sources */,
			);
			runOnlyForDeploymentPostprocessing = 0;
		};
/* End PBXSourcesBuildPhase section */

/* Begin PBXVariantGroup section */
		C6E3885E1C590B1F001A1E5A /* Main.storyboard */ = {
			isa = PBXVariantGroup;
			children = (
				C6E3885F1C590B1F001A1E5A /* Base */,
			);
			name = Main.storyboard;
			sourceTree = "<group>";
		};
		C6E388631C590B1F001A1E5A /* LaunchScreen.storyboard */ = {
			isa = PBXVariantGroup;
			children = (
				C6E388641C590B1F001A1E5A /* Base */,
			);
			name = LaunchScreen.storyboard;
			sourceTree = "<group>";
		};
/* End PBXVariantGroup section */

/* Begin XCBuildConfiguration section */
		C6E388671C590B1F001A1E5A /* Debug */ = {
			isa = XCBuildConfiguration;
			buildSettings = {
				ALWAYS_SEARCH_USER_PATHS = NO;
				CLANG_CXX_LANGUAGE_STANDARD = "gnu++0x";
				CLANG_CXX_LIBRARY = "libc++";
				CLANG_ENABLE_MODULES = YES;
				CLANG_ENABLE_OBJC_ARC = YES;
				CLANG_WARN_BOOL_CONVERSION = YES;
				CLANG_WARN_CONSTANT_CONVERSION = YES;
				CLANG_WARN_DIRECT_OBJC_ISA_USAGE = YES_ERROR;
				CLANG_WARN_EMPTY_BODY = YES;
				CLANG_WARN_ENUM_CONVERSION = YES;
				CLANG_WARN_INT_CONVERSION = YES;
				CLANG_WARN_OBJC_ROOT_CLASS = YES_ERROR;
				CLANG_WARN_UNREACHABLE_CODE = YES;
				CLANG_WARN__DUPLICATE_METHOD_MATCH = YES;
				"CODE_SIGN_IDENTITY[sdk=iphoneos*]" = "iPhone Developer";
				COPY_PHASE_STRIP = NO;
				DEBUG_INFORMATION_FORMAT = dwarf;
				ENABLE_STRICT_OBJC_MSGSEND = YES;
				ENABLE_TESTABILITY = YES;
				GCC_C_LANGUAGE_STANDARD = gnu99;
				GCC_DYNAMIC_NO_PIC = NO;
				GCC_NO_COMMON_BLOCKS = YES;
				GCC_OPTIMIZATION_LEVEL = 0;
				GCC_PREPROCESSOR_DEFINITIONS = (
					"DEBUG=1",
					"$(inherited)",
				);
				GCC_WARN_64_TO_32_BIT_CONVERSION = YES;
				GCC_WARN_ABOUT_RETURN_TYPE = YES_ERROR;
				GCC_WARN_UNDECLARED_SELECTOR = YES;
				GCC_WARN_UNINITIALIZED_AUTOS = YES_AGGRESSIVE;
				GCC_WARN_UNUSED_FUNCTION = YES;
				GCC_WARN_UNUSED_VARIABLE = YES;
				IPHONEOS_DEPLOYMENT_TARGET = 9.2;
				MTL_ENABLE_DEBUG_INFO = YES;
				ONLY_ACTIVE_ARCH = YES;
				SDKROOT = iphoneos;
				SWIFT_OPTIMIZATION_LEVEL = "-Onone";
			};
			name = Debug;
		};
		C6E388681C590B1F001A1E5A /* Release */ = {
			isa = XCBuildConfiguration;
			buildSettings = {
				ALWAYS_SEARCH_USER_PATHS = NO;
				CLANG_CXX_LANGUAGE_STANDARD = "gnu++0x";
				CLANG_CXX_LIBRARY = "libc++";
				CLANG_ENABLE_MODULES = YES;
				CLANG_ENABLE_OBJC_ARC = YES;
				CLANG_WARN_BOOL_CONVERSION = YES;
				CLANG_WARN_CONSTANT_CONVERSION = YES;
				CLANG_WARN_DIRECT_OBJC_ISA_USAGE = YES_ERROR;
				CLANG_WARN_EMPTY_BODY = YES;
				CLANG_WARN_ENUM_CONVERSION = YES;
				CLANG_WARN_INT_CONVERSION = YES;
				CLANG_WARN_OBJC_ROOT_CLASS = YES_ERROR;
				CLANG_WARN_UNREACHABLE_CODE = YES;
				CLANG_WARN__DUPLICATE_METHOD_MATCH = YES;
				"CODE_SIGN_IDENTITY[sdk=iphoneos*]" = "iPhone Developer";
				COPY_PHASE_STRIP = NO;
				DEBUG_INFORMATION_FORMAT = "dwarf-with-dsym";
				ENABLE_NS_ASSERTIONS = NO;
				ENABLE_STRICT_OBJC_MSGSEND = YES;
				GCC_C_LANGUAGE_STANDARD = gnu99;
				GCC_NO_COMMON_BLOCKS = YES;
				GCC_WARN_64_TO_32_BIT_CONVERSION = YES;
				GCC_WARN_ABOUT_RETURN_TYPE = YES_ERROR;
				GCC_WARN_UNDECLARED_SELECTOR = YES;
				GCC_WARN_UNINITIALIZED_AUTOS = YES_AGGRESSIVE;
				GCC_WARN_UNUSED_FUNCTION = YES;
				GCC_WARN_UNUSED_VARIABLE = YES;
				IPHONEOS_DEPLOYMENT_TARGET = 9.2;
				MTL_ENABLE_DEBUG_INFO = NO;
				SDKROOT = iphoneos;
				VALIDATE_PRODUCT = YES;
			};
			name = Release;
		};
		C6E3886A1C590B1F001A1E5A /* Debug */ = {
			isa = XCBuildConfiguration;
			buildSettings = {
				ASSETCATALOG_COMPILER_APPICON_NAME = AppIcon;
				INFOPLIST_FILE = Balloon/Info.plist;
				LD_RUNPATH_SEARCH_PATHS = "$(inherited) @executable_path/Frameworks";
				PRODUCT_BUNDLE_IDENTIFIER = com.moozz.Balloon;
				PRODUCT_NAME = "$(TARGET_NAME)";
			};
			name = Debug;
		};
		C6E3886B1C590B1F001A1E5A /* Release */ = {
			isa = XCBuildConfiguration;
			buildSettings = {
				ASSETCATALOG_COMPILER_APPICON_NAME = AppIcon;
				INFOPLIST_FILE = Balloon/Info.plist;
				LD_RUNPATH_SEARCH_PATHS = "$(inherited) @executable_path/Frameworks";
				PRODUCT_BUNDLE_IDENTIFIER = com.moozz.Balloon;
				PRODUCT_NAME = "$(TARGET_NAME)";
			};
			name = Release;
		};
/* End XCBuildConfiguration section */

/* Begin XCConfigurationList section */
		C6E388521C590B1F001A1E5A /* Build configuration list for PBXProject "Balloon" */ = {
			isa = XCConfigurationList;
			buildConfigurations = (
				C6E388671C590B1F001A1E5A /* Debug */,
				C6E388681C590B1F001A1E5A /* Release */,
			);
			defaultConfigurationIsVisible = 0;
			defaultConfigurationName = Release;
		};
		C6E388691C590B1F001A1E5A /* Build configuration list for PBXNativeTarget "Balloon" */ = {
			isa = XCConfigurationList;
			buildConfigurations = (
				C6E3886A1C590B1F001A1E5A /* Debug */,
				C6E3886B1C590B1F001A1E5A /* Release */,
			);
			defaultConfigurationIsVisible = 0;
		};
/* End XCConfigurationList section */
	};
	rootObject = C6E3884F1C590B1F001A1E5A /* Project object */;
}
